// !$*UTF8*$!
{
	archiveVersion = 1;
	classes = {
	};
	objectVersion = 46;
	objects = {

/* Begin PBXBuildFile section */
		478ED5421C292A4100156FE7 /* AppDelegate.swift in Sources */ = {isa = PBXBuildFile; fileRef = 478ED5411C292A4100156FE7 /* AppDelegate.swift */; };
		478ED5441C292A4100156FE7 /* ViewController.swift in Sources */ = {isa = PBXBuildFile; fileRef = 478ED5431C292A4100156FE7 /* ViewController.swift */; };
		478ED5471C292A4100156FE7 /* Main.storyboard in Resources */ = {isa = PBXBuildFile; fileRef = 478ED5451C292A4100156FE7 /* Main.storyboard */; };
		478ED5491C292A4100156FE7 /* Assets.xcassets in Resources */ = {isa = PBXBuildFile; fileRef = 478ED5481C292A4100156FE7 /* Assets.xcassets */; };
		478ED54C1C292A4100156FE7 /* LaunchScreen.storyboard in Resources */ = {isa = PBXBuildFile; fileRef = 478ED54A1C292A4100156FE7 /* LaunchScreen.storyboard */; };
		478ED5541C292AD200156FE7 /* Character.swift in Sources */ = {isa = PBXBuildFile; fileRef = 478ED5531C292AD200156FE7 /* Character.swift */; };
		478ED5561C2932CB00156FE7 /* Minecraft.ttf in Resources */ = {isa = PBXBuildFile; fileRef = 478ED5551C2932CB00156FE7 /* Minecraft.ttf */; };
		478ED5581C2A56E300156FE7 /* Player.swift in Sources */ = {isa = PBXBuildFile; fileRef = 478ED5571C2A56E300156FE7 /* Player.swift */; };
		478ED55A1C2A687D00156FE7 /* Enemy.swift in Sources */ = {isa = PBXBuildFile; fileRef = 478ED5591C2A687D00156FE7 /* Enemy.swift */; };
		478ED55C1C2A6A9700156FE7 /* Kimara.swift in Sources */ = {isa = PBXBuildFile; fileRef = 478ED55B1C2A6A9700156FE7 /* Kimara.swift */; };
		478ED55E1C2A6CA300156FE7 /* DevilWizard.swift in Sources */ = {isa = PBXBuildFile; fileRef = 478ED55D1C2A6CA300156FE7 /* DevilWizard.swift */; };
		478ED5601C2BBA2E00156FE7 /* 02 HHavok-main.mp3 in Resources */ = {isa = PBXBuildFile; fileRef = 478ED55F1C2BBA2E00156FE7 /* 02 HHavok-main.mp3 */; };
		478ED5651C2CF5BB00156FE7 /* 137036__pyrocamancer__beast-death.wav in Resources */ = {isa = PBXBuildFile; fileRef = 478ED5621C2CF5BB00156FE7 /* 137036__pyrocamancer__beast-death.wav */; };
		478ED5661C2CF5BB00156FE7 /* 173126__replix__death-sound-male.wav in Resources */ = {isa = PBXBuildFile; fileRef = 478ED5631C2CF5BB00156FE7 /* 173126__replix__death-sound-male.wav */; };
		478ED5671C2CF5BB00156FE7 /* 198610__18hiltc__punching-and-uppercut.wav in Resources */ = {isa = PBXBuildFile; fileRef = 478ED5641C2CF5BB00156FE7 /* 198610__18hiltc__punching-and-uppercut.wav */; };
/* End PBXBuildFile section */

/* Begin PBXFileReference section */
		478ED53E1C292A4100156FE7 /* Deva-Orc-Fight.app */ = {isa = PBXFileReference; explicitFileType = wrapper.application; includeInIndex = 0; path = "Deva-Orc-Fight.app"; sourceTree = BUILT_PRODUCTS_DIR; };
		478ED5411C292A4100156FE7 /* AppDelegate.swift */ = {isa = PBXFileReference; lastKnownFileType = sourcecode.swift; path = AppDelegate.swift; sourceTree = "<group>"; };
		478ED5431C292A4100156FE7 /* ViewController.swift */ = {isa = PBXFileReference; lastKnownFileType = sourcecode.swift; path = ViewController.swift; sourceTree = "<group>"; };
		478ED5461C292A4100156FE7 /* Base */ = {isa = PBXFileReference; lastKnownFileType = file.storyboard; name = Base; path = Base.lproj/Main.storyboard; sourceTree = "<group>"; };
		478ED5481C292A4100156FE7 /* Assets.xcassets */ = {isa = PBXFileReference; lastKnownFileType = folder.assetcatalog; path = Assets.xcassets; sourceTree = "<group>"; };
		478ED54B1C292A4100156FE7 /* Base */ = {isa = PBXFileReference; lastKnownFileType = file.storyboard; name = Base; path = Base.lproj/LaunchScreen.storyboard; sourceTree = "<group>"; };
		478ED54D1C292A4100156FE7 /* Info.plist */ = {isa = PBXFileReference; lastKnownFileType = text.plist.xml; path = Info.plist; sourceTree = "<group>"; };
		478ED5531C292AD200156FE7 /* Character.swift */ = {isa = PBXFileReference; fileEncoding = 4; lastKnownFileType = sourcecode.swift; path = Character.swift; sourceTree = "<group>"; };
		478ED5551C2932CB00156FE7 /* Minecraft.ttf */ = {isa = PBXFileReference; lastKnownFileType = file; path = Minecraft.ttf; sourceTree = "<group>"; };
		478ED5571C2A56E300156FE7 /* Player.swift */ = {isa = PBXFileReference; fileEncoding = 4; lastKnownFileType = sourcecode.swift; path = Player.swift; sourceTree = "<group>"; };
		478ED5591C2A687D00156FE7 /* Enemy.swift */ = {isa = PBXFileReference; fileEncoding = 4; lastKnownFileType = sourcecode.swift; path = Enemy.swift; sourceTree = "<group>"; };
		478ED55B1C2A6A9700156FE7 /* Kimara.swift */ = {isa = PBXFileReference; fileEncoding = 4; lastKnownFileType = sourcecode.swift; path = Kimara.swift; sourceTree = "<group>"; };
		478ED55D1C2A6CA300156FE7 /* DevilWizard.swift */ = {isa = PBXFileReference; fileEncoding = 4; lastKnownFileType = sourcecode.swift; path = DevilWizard.swift; sourceTree = "<group>"; };
		478ED55F1C2BBA2E00156FE7 /* 02 HHavok-main.mp3 */ = {isa = PBXFileReference; lastKnownFileType = audio.mp3; path = "02 HHavok-main.mp3"; sourceTree = "<group>"; };
		478ED5621C2CF5BB00156FE7 /* 137036__pyrocamancer__beast-death.wav */ = {isa = PBXFileReference; lastKnownFileType = audio.wav; path = "137036__pyrocamancer__beast-death.wav"; sourceTree = "<group>"; };
		478ED5631C2CF5BB00156FE7 /* 173126__replix__death-sound-male.wav */ = {isa = PBXFileReference; lastKnownFileType = audio.wav; path = "173126__replix__death-sound-male.wav"; sourceTree = "<group>"; };
		478ED5641C2CF5BB00156FE7 /* 198610__18hiltc__punching-and-uppercut.wav */ = {isa = PBXFileReference; lastKnownFileType = audio.wav; path = "198610__18hiltc__punching-and-uppercut.wav"; sourceTree = "<group>"; };
/* End PBXFileReference section */

/* Begin PBXFrameworksBuildPhase section */
		478ED53B1C292A4100156FE7 /* Frameworks */ = {
			isa = PBXFrameworksBuildPhase;
			buildActionMask = 2147483647;
			files = (
			);
			runOnlyForDeploymentPostprocessing = 0;
		};
/* End PBXFrameworksBuildPhase section */

/* Begin PBXGroup section */
		478ED5351C292A4100156FE7 = {
			isa = PBXGroup;
			children = (
				478ED5401C292A4100156FE7 /* Deva-Orc-Fight */,
				478ED53F1C292A4100156FE7 /* Products */,
			);
			sourceTree = "<group>";
		};
		478ED53F1C292A4100156FE7 /* Products */ = {
			isa = PBXGroup;
			children = (
				478ED53E1C292A4100156FE7 /* Deva-Orc-Fight.app */,
			);
			name = Products;
			sourceTree = "<group>";
		};
		478ED5401C292A4100156FE7 /* Deva-Orc-Fight */ = {
			isa = PBXGroup;
			children = (
				478ED5551C2932CB00156FE7 /* Minecraft.ttf */,
				478ED5411C292A4100156FE7 /* AppDelegate.swift */,
				478ED5431C292A4100156FE7 /* ViewController.swift */,
				478ED5451C292A4100156FE7 /* Main.storyboard */,
				478ED5481C292A4100156FE7 /* Assets.xcassets */,
				478ED5611C2BBA3400156FE7 /* Sounds */,
				478ED5531C292AD200156FE7 /* Character.swift */,
				478ED5571C2A56E300156FE7 /* Player.swift */,
				478ED5591C2A687D00156FE7 /* Enemy.swift */,
				478ED55B1C2A6A9700156FE7 /* Kimara.swift */,
				478ED55D1C2A6CA300156FE7 /* DevilWizard.swift */,
				478ED54A1C292A4100156FE7 /* LaunchScreen.storyboard */,
				478ED54D1C292A4100156FE7 /* Info.plist */,
			);
			path = "Deva-Orc-Fight";
			sourceTree = "<group>";
		};
		478ED5611C2BBA3400156FE7 /* Sounds */ = {
			isa = PBXGroup;
			children = (
				478ED55F1C2BBA2E00156FE7 /* 02 HHavok-main.mp3 */,
				478ED5621C2CF5BB00156FE7 /* 137036__pyrocamancer__beast-death.wav */,
				478ED5631C2CF5BB00156FE7 /* 173126__replix__death-sound-male.wav */,
				478ED5641C2CF5BB00156FE7 /* 198610__18hiltc__punching-and-uppercut.wav */,
			);
			name = Sounds;
			sourceTree = "<group>";
		};
/* End PBXGroup section */

/* Begin PBXNativeTarget section */
		478ED53D1C292A4100156FE7 /* Deva-Orc-Fight */ = {
			isa = PBXNativeTarget;
			buildConfigurationList = 478ED5501C292A4100156FE7 /* Build configuration list for PBXNativeTarget "Deva-Orc-Fight" */;
			buildPhases = (
				478ED53A1C292A4100156FE7 /* Sources */,
				478ED53B1C292A4100156FE7 /* Frameworks */,
				478ED53C1C292A4100156FE7 /* Resources */,
			);
			buildRules = (
			);
			dependencies = (
			);
			name = "Deva-Orc-Fight";
			productName = "Deva-Orc-Fight";
			productReference = 478ED53E1C292A4100156FE7 /* Deva-Orc-Fight.app */;
			productType = "com.apple.product-type.application";
		};
/* End PBXNativeTarget section */

/* Begin PBXProject section */
		478ED5361C292A4100156FE7 /* Project object */ = {
			isa = PBXProject;
			attributes = {
				LastSwiftUpdateCheck = 0710;
				LastUpgradeCheck = 0710;
				ORGANIZATIONNAME = "Nas@Mac";
				TargetAttributes = {
					478ED53D1C292A4100156FE7 = {
						CreatedOnToolsVersion = 7.1.1;
						DevelopmentTeam = 5HLPBPBG6U;
					};
				};
			};
			buildConfigurationList = 478ED5391C292A4100156FE7 /* Build configuration list for PBXProject "Deva-Orc-Fight" */;
			compatibilityVersion = "Xcode 3.2";
			developmentRegion = English;
			hasScannedForEncodings = 0;
			knownRegions = (
				en,
				Base,
			);
			mainGroup = 478ED5351C292A4100156FE7;
			productRefGroup = 478ED53F1C292A4100156FE7 /* Products */;
			projectDirPath = "";
			projectRoot = "";
			targets = (
				478ED53D1C292A4100156FE7 /* Deva-Orc-Fight */,
			);
		};
/* End PBXProject section */

/* Begin PBXResourcesBuildPhase section */
		478ED53C1C292A4100156FE7 /* Resources */ = {
			isa = PBXResourcesBuildPhase;
			buildActionMask = 2147483647;
			files = (
				478ED5661C2CF5BB00156FE7 /* 173126__replix__death-sound-male.wav in Resources */,
				478ED5671C2CF5BB00156FE7 /* 198610__18hiltc__punching-and-uppercut.wav in Resources */,
				478ED54C1C292A4100156FE7 /* LaunchScreen.storyboard in Resources */,
				478ED5491C292A4100156FE7 /* Assets.xcassets in Resources */,
				478ED5561C2932CB00156FE7 /* Minecraft.ttf in Resources */,
				478ED5651C2CF5BB00156FE7 /* 137036__pyrocamancer__beast-death.wav in Resources */,
				478ED5471C292A4100156FE7 /* Main.storyboard in Resources */,
				478ED5601C2BBA2E00156FE7 /* 02 HHavok-main.mp3 in Resources */,
			);
			runOnlyForDeploymentPostprocessing = 0;
		};
/* End PBXResourcesBuildPhase section */

/* Begin PBXSourcesBuildPhase section */
		478ED53A1C292A4100156FE7 /* Sources */ = {
			isa = PBXSourcesBuildPhase;
			buildActionMask = 2147483647;
			files = (
				478ED5581C2A56E300156FE7 /* Player.swift in Sources */,
				478ED55A1C2A687D00156FE7 /* Enemy.swift in Sources */,
				478ED55E1C2A6CA300156FE7 /* DevilWizard.swift in Sources */,
				478ED55C1C2A6A9700156FE7 /* Kimara.swift in Sources */,
				478ED5541C292AD200156FE7 /* Character.swift in Sources */,
				478ED5441C292A4100156FE7 /* ViewController.swift in Sources */,
				478ED5421C292A4100156FE7 /* AppDelegate.swift in Sources */,
			);
			runOnlyForDeploymentPostprocessing = 0;
		};
/* End PBXSourcesBuildPhase section */

/* Begin PBXVariantGroup section */
		478ED5451C292A4100156FE7 /* Main.storyboard */ = {
			isa = PBXVariantGroup;
			children = (
				478ED5461C292A4100156FE7 /* Base */,
			);
			name = Main.storyboard;
			sourceTree = "<group>";
		};
		478ED54A1C292A4100156FE7 /* LaunchScreen.storyboard */ = {
			isa = PBXVariantGroup;
			children = (
				478ED54B1C292A4100156FE7 /* Base */,
			);
			name = LaunchScreen.storyboard;
			sourceTree = "<group>";
		};
/* End PBXVariantGroup section */

/* Begin XCBuildConfiguration section */
		478ED54E1C292A4100156FE7 /* Debug */ = {
			isa = XCBuildConfiguration;
			buildSettings = {
				ALWAYS_SEARCH_USER_PATHS = NO;
				CLANG_CXX_LANGUAGE_STANDARD = "gnu++0x";
				CLANG_CXX_LIBRARY = "libc++";
				CLANG_ENABLE_MODULES = YES;
				CLANG_ENABLE_OBJC_ARC = YES;
				CLANG_WARN_BOOL_CONVERSION = YES;
				CLANG_WARN_CONSTANT_CONVERSION = YES;
				CLANG_WARN_DIRECT_OBJC_ISA_USAGE = YES_ERROR;
				CLANG_WARN_EMPTY_BODY = YES;
				CLANG_WARN_ENUM_CONVERSION = YES;
				CLANG_WARN_INT_CONVERSION = YES;
				CLANG_WARN_OBJC_ROOT_CLASS = YES_ERROR;
				CLANG_WARN_UNREACHABLE_CODE = YES;
				CLANG_WARN__DUPLICATE_METHOD_MATCH = YES;
				"CODE_SIGN_IDENTITY[sdk=iphoneos*]" = "iPhone Developer";
				COPY_PHASE_STRIP = NO;
				DEBUG_INFORMATION_FORMAT = dwarf;
				ENABLE_STRICT_OBJC_MSGSEND = YES;
				ENABLE_TESTABILITY = YES;
				GCC_C_LANGUAGE_STANDARD = gnu99;
				GCC_DYNAMIC_NO_PIC = NO;
				GCC_NO_COMMON_BLOCKS = YES;
				GCC_OPTIMIZATION_LEVEL = 0;
				GCC_PREPROCESSOR_DEFINITIONS = (
					"DEBUG=1",
					"$(inherited)",
				);
				GCC_WARN_64_TO_32_BIT_CONVERSION = YES;
				GCC_WARN_ABOUT_RETURN_TYPE = YES_ERROR;
				GCC_WARN_UNDECLARED_SELECTOR = YES;
				GCC_WARN_UNINITIALIZED_AUTOS = YES_AGGRESSIVE;
				GCC_WARN_UNUSED_FUNCTION = YES;
				GCC_WARN_UNUSED_VARIABLE = YES;
				IPHONEOS_DEPLOYMENT_TARGET = 9.1;
				MTL_ENABLE_DEBUG_INFO = YES;
				ONLY_ACTIVE_ARCH = YES;
				SDKROOT = iphoneos;
				SWIFT_OPTIMIZATION_LEVEL = "-Onone";
			};
			name = Debug;
		};
		478ED54F1C292A4100156FE7 /* Release */ = {
			isa = XCBuildConfiguration;
			buildSettings = {
				ALWAYS_SEARCH_USER_PATHS = NO;
				CLANG_CXX_LANGUAGE_STANDARD = "gnu++0x";
				CLANG_CXX_LIBRARY = "libc++";
				CLANG_ENABLE_MODULES = YES;
				CLANG_ENABLE_OBJC_ARC = YES;
				CLANG_WARN_BOOL_CONVERSION = YES;
				CLANG_WARN_CONSTANT_CONVERSION = YES;
				CLANG_WARN_DIRECT_OBJC_ISA_USAGE = YES_ERROR;
				CLANG_WARN_EMPTY_BODY = YES;
				CLANG_WARN_ENUM_CONVERSION = YES;
				CLANG_WARN_INT_CONVERSION = YES;
				CLANG_WARN_OBJC_ROOT_CLASS = YES_ERROR;
				CLANG_WARN_UNREACHABLE_CODE = YES;
				CLANG_WARN__DUPLICATE_METHOD_MATCH = YES;
				"CODE_SIGN_IDENTITY[sdk=iphoneos*]" = "iPhone Developer";
				COPY_PHASE_STRIP = NO;
				DEBUG_INFORMATION_FORMAT = "dwarf-with-dsym";
				ENABLE_NS_ASSERTIONS = NO;
				ENABLE_STRICT_OBJC_MSGSEND = YES;
				GCC_C_LANGUAGE_STANDARD = gnu99;
				GCC_NO_COMMON_BLOCKS = YES;
				GCC_WARN_64_TO_32_BIT_CONVERSION = YES;
				GCC_WARN_ABOUT_RETURN_TYPE = YES_ERROR;
				GCC_WARN_UNDECLARED_SELECTOR = YES;
				GCC_WARN_UNINITIALIZED_AUTOS = YES_AGGRESSIVE;
				GCC_WARN_UNUSED_FUNCTION = YES;
				GCC_WARN_UNUSED_VARIABLE = YES;
				IPHONEOS_DEPLOYMENT_TARGET = 9.1;
				MTL_ENABLE_DEBUG_INFO = NO;
				SDKROOT = iphoneos;
				VALIDATE_PRODUCT = YES;
			};
			name = Release;
		};
		478ED5511C292A4100156FE7 /* Debug */ = {
			isa = XCBuildConfiguration;
			buildSettings = {
				ASSETCATALOG_COMPILER_APPICON_NAME = AppIcon;
				INFOPLIST_FILE = "Deva-Orc-Fight/Info.plist";
				LD_RUNPATH_SEARCH_PATHS = "$(inherited) @executable_path/Frameworks";
				PRODUCT_BUNDLE_IDENTIFIER = "Nas-Mac.Deva-Orc-Fight";
				PRODUCT_NAME = "$(TARGET_NAME)";
			};
			name = Debug;
		};
		478ED5521C292A4100156FE7 /* Release */ = {
			isa = XCBuildConfiguration;
			buildSettings = {
				ASSETCATALOG_COMPILER_APPICON_NAME = AppIcon;
				INFOPLIST_FILE = "Deva-Orc-Fight/Info.plist";
				LD_RUNPATH_SEARCH_PATHS = "$(inherited) @executable_path/Frameworks";
				PRODUCT_BUNDLE_IDENTIFIER = "Nas-Mac.Deva-Orc-Fight";
				PRODUCT_NAME = "$(TARGET_NAME)";
			};
			name = Release;
		};
/* End XCBuildConfiguration section */

/* Begin XCConfigurationList section */
		478ED5391C292A4100156FE7 /* Build configuration list for PBXProject "Deva-Orc-Fight" */ = {
			isa = XCConfigurationList;
			buildConfigurations = (
				478ED54E1C292A4100156FE7 /* Debug */,
				478ED54F1C292A4100156FE7 /* Release */,
			);
			defaultConfigurationIsVisible = 0;
			defaultConfigurationName = Release;
		};
		478ED5501C292A4100156FE7 /* Build configuration list for PBXNativeTarget "Deva-Orc-Fight" */ = {
			isa = XCConfigurationList;
			buildConfigurations = (
				478ED5511C292A4100156FE7 /* Debug */,
				478ED5521C292A4100156FE7 /* Release */,
			);
			defaultConfigurationIsVisible = 0;
			defaultConfigurationName = Release;
		};
/* End XCConfigurationList section */
	};
	rootObject = 478ED5361C292A4100156FE7 /* Project object */;
}
